
Microsoft Visual Studio Solution File, Format Version 12.00
# Visual Studio 15
Project("{FAE04EC0-301F-11D3-BF4B-00C04F79EFBC}") = "Dreamteck.Splines", "Dreamteck.Splines.csproj", "{4A4D46DF-8A2D-0888-C727-737CA0AEA8FC}"
EndProject
Project("{FAE04EC0-301F-11D3-BF4B-00C04F79EFBC}") = "Dreamteck.Splines.Editor", "Dreamteck.Splines.Editor.csproj", "{F11C337D-7F92-C690-E0DF-2FCDDF568EBB}"
EndProject
Project("{FAE04EC0-301F-11D3-BF4B-00C04F79EFBC}") = "Dreamteck.Utilities.Editor", "Dreamteck.Utilities.Editor.csproj", "{32EAC7DF-D788-7B2C-04CD-2FA566B5C766}"
EndProject
Project("{FAE04EC0-301F-11D3-BF4B-00C04F79EFBC}") = "Dreamteck.Utilities", "Dreamteck.Utilities.csproj", "{CFABD361-E6FB-6EFD-60A8-6FBD99BD8C4B}"
EndProject
Project("{FAE04EC0-301F-11D3-BF4B-00C04F79EFBC}") = "Assembly-CSharp", "Assembly-CSharp.csproj", "{3F2E0A2F-FFA2-045E-5674-5AA5A751BEDE}"
EndProject
Global
	GlobalSection(SolutionConfigurationPlatforms) = preSolution
		Debug|Any CPU = Debug|Any CPU
		Release|Any CPU = Release|Any CPU
	EndGlobalSection
	GlobalSection(ProjectConfigurationPlatforms) = postSolution
		{4A4D46DF-8A2D-0888-C727-737CA0AEA8FC}.Debug|Any CPU.ActiveCfg = Debug|Any CPU
		{4A4D46DF-8A2D-0888-C727-737CA0AEA8FC}.Debug|Any CPU.Build.0 = Debug|Any CPU
		{4A4D46DF-8A2D-0888-C727-737CA0AEA8FC}.Release|Any CPU.ActiveCfg = Release|Any CPU
		{4A4D46DF-8A2D-0888-C727-737CA0AEA8FC}.Release|Any CPU.Build.0 = Release|Any CPU
		{F11C337D-7F92-C690-E0DF-2FCDDF568EBB}.Debug|Any CPU.ActiveCfg = Debug|Any CPU
		{F11C337D-7F92-C690-E0DF-2FCDDF568EBB}.Debug|Any CPU.Build.0 = Debug|Any CPU
		{F11C337D-7F92-C690-E0DF-2FCDDF568EBB}.Release|Any CPU.ActiveCfg = Release|Any CPU
		{F11C337D-7F92-C690-E0DF-2FCDDF568EBB}.Release|Any CPU.Build.0 = Release|Any CPU
		{32EAC7DF-D788-7B2C-04CD-2FA566B5C766}.Debug|Any CPU.ActiveCfg = Debug|Any CPU
		{32EAC7DF-D788-7B2C-04CD-2FA566B5C766}.Debug|Any CPU.Build.0 = Debug|Any CPU
		{32EAC7DF-D788-7B2C-04CD-2FA566B5C766}.Release|Any CPU.ActiveCfg = Release|Any CPU
		{32EAC7DF-D788-7B2C-04CD-2FA566B5C766}.Release|Any CPU.Build.0 = Release|Any CPU
		{CFABD361-E6FB-6EFD-60A8-6FBD99BD8C4B}.Debug|Any CPU.ActiveCfg = Debug|Any CPU
		{CFABD361-E6FB-6EFD-60A8-6FBD99BD8C4B}.Debug|Any CPU.Build.0 = Debug|Any CPU
		{CFABD361-E6FB-6EFD-60A8-6FBD99BD8C4B}.Release|Any CPU.ActiveCfg = Release|Any CPU
		{CFABD361-E6FB-6EFD-60A8-6FBD99BD8C4B}.Release|Any CPU.Build.0 = Release|Any CPU
		{3F2E0A2F-FFA2-045E-5674-5AA5A751BEDE}.Debug|Any CPU.ActiveCfg = Debug|Any CPU
		{3F2E0A2F-FFA2-045E-5674-5AA5A751BEDE}.Debug|Any CPU.Build.0 = Debug|Any CPU
		{3F2E0A2F-FFA2-045E-5674-5AA5A751BEDE}.Release|Any CPU.ActiveCfg = Release|Any CPU
		{3F2E0A2F-FFA2-045E-5674-5AA5A751BEDE}.Release|Any CPU.Build.0 = Release|Any CPU
	EndGlobalSection
	GlobalSection(SolutionProperties) = preSolution
		HideSolutionNode = FALSE
	EndGlobalSection
EndGlobal
