
Microsoft Visual Studio Solution File, Format Version 11.00
# Visual Studio 2010
Project("{FAE04EC0-301F-11D3-BF4B-00C04F79EFBC}") = "Dreamteck.Splines", "Dreamteck.Splines.csproj", "{df464d4a-2d8a-8808-c727-737ca0aea8fc}"
EndProject
Project("{FAE04EC0-301F-11D3-BF4B-00C04F79EFBC}") = "CW.Common", "CW.Common.csproj", "{a034478f-7418-6e26-9297-9a8999d971aa}"
EndProject
Project("{FAE04EC0-301F-11D3-BF4B-00C04F79EFBC}") = "Dreamteck.Splines.Editor", "Dreamteck.Splines.Editor.csproj", "{7d331cf1-927f-90c6-e0df-2fcddf568ebb}"
EndProject
Project("{FAE04EC0-301F-11D3-BF4B-00C04F79EFBC}") = "Dreamteck.Utilities.Editor", "Dreamteck.Utilities.Editor.csproj", "{dfc7ea32-88d7-2c7b-04cd-2fa566b5c766}"
EndProject
Project("{FAE04EC0-301F-11D3-BF4B-00C04F79EFBC}") = "LeanCommon", "LeanCommon.csproj", "{d205ecfa-5b0e-5882-4187-24033d36e25c}"
EndProject
Project("{FAE04EC0-301F-11D3-BF4B-00C04F79EFBC}") = "Dreamteck.Utilities", "Dreamteck.Utilities.csproj", "{61d3abcf-fbe6-fd6e-60a8-6fbd99bd8c4b}"
EndProject
Project("{FAE04EC0-301F-11D3-BF4B-00C04F79EFBC}") = "Assembly-CSharp", "Assembly-CSharp.csproj", "{2f0a2e3f-a2ff-5e04-5674-5aa5a751bede}"
EndProject
Project("{FAE04EC0-301F-11D3-BF4B-00C04F79EFBC}") = "LeanTouch", "LeanTouch.csproj", "{a90b94bc-44fe-b0dc-a911-ddc915e60de3}"
EndProject
Project("{FAE04EC0-301F-11D3-BF4B-00C04F79EFBC}") = "Assembly-CSharp-firstpass", "Assembly-CSharp-firstpass.csproj", "{ccb7cfe2-de62-5ad1-9eb4-0ff46fa3bc4f}"
EndProject
Global
	GlobalSection(SolutionConfigurationPlatforms) = preSolution
		Debug|Any CPU = Debug|Any CPU
	EndGlobalSection
	GlobalSection(ProjectConfigurationPlatforms) = postSolution
		{df464d4a-2d8a-8808-c727-737ca0aea8fc}.Debug|Any CPU.ActiveCfg = Debug|Any CPU
		{df464d4a-2d8a-8808-c727-737ca0aea8fc}.Debug|Any CPU.Build.0 = Debug|Any CPU
		{a034478f-7418-6e26-9297-9a8999d971aa}.Debug|Any CPU.ActiveCfg = Debug|Any CPU
		{a034478f-7418-6e26-9297-9a8999d971aa}.Debug|Any CPU.Build.0 = Debug|Any CPU
		{7d331cf1-927f-90c6-e0df-2fcddf568ebb}.Debug|Any CPU.ActiveCfg = Debug|Any CPU
		{7d331cf1-927f-90c6-e0df-2fcddf568ebb}.Debug|Any CPU.Build.0 = Debug|Any CPU
		{dfc7ea32-88d7-2c7b-04cd-2fa566b5c766}.Debug|Any CPU.ActiveCfg = Debug|Any CPU
		{dfc7ea32-88d7-2c7b-04cd-2fa566b5c766}.Debug|Any CPU.Build.0 = Debug|Any CPU
		{d205ecfa-5b0e-5882-4187-24033d36e25c}.Debug|Any CPU.ActiveCfg = Debug|Any CPU
		{d205ecfa-5b0e-5882-4187-24033d36e25c}.Debug|Any CPU.Build.0 = Debug|Any CPU
		{61d3abcf-fbe6-fd6e-60a8-6fbd99bd8c4b}.Debug|Any CPU.ActiveCfg = Debug|Any CPU
		{61d3abcf-fbe6-fd6e-60a8-6fbd99bd8c4b}.Debug|Any CPU.Build.0 = Debug|Any CPU
		{2f0a2e3f-a2ff-5e04-5674-5aa5a751bede}.Debug|Any CPU.ActiveCfg = Debug|Any CPU
		{2f0a2e3f-a2ff-5e04-5674-5aa5a751bede}.Debug|Any CPU.Build.0 = Debug|Any CPU
		{a90b94bc-44fe-b0dc-a911-ddc915e60de3}.Debug|Any CPU.ActiveCfg = Debug|Any CPU
		{a90b94bc-44fe-b0dc-a911-ddc915e60de3}.Debug|Any CPU.Build.0 = Debug|Any CPU
		{ccb7cfe2-de62-5ad1-9eb4-0ff46fa3bc4f}.Debug|Any CPU.ActiveCfg = Debug|Any CPU
		{ccb7cfe2-de62-5ad1-9eb4-0ff46fa3bc4f}.Debug|Any CPU.Build.0 = Debug|Any CPU
	EndGlobalSection
	GlobalSection(SolutionProperties) = preSolution
		HideSolutionNode = FALSE
	EndGlobalSection
EndGlobal
