
Microsoft Visual Studio Solution File, Format Version 12.00
# Visual Studio 15
Project("{FAE04EC0-301F-11D3-BF4B-00C04F79EFBC}") = "Dreamteck.Splines", "Dreamteck.Splines.csproj", "{4A4D46DF-8A2D-0888-C727-737CA0AEA8FC}"
EndProject
Project("{FAE04EC0-301F-11D3-BF4B-00C04F79EFBC}") = "CW.Common", "CW.Common.csproj", "{8F4734A0-1874-266E-9297-9A8999D971AA}"
EndProject
Project("{FAE04EC0-301F-11D3-BF4B-00C04F79EFBC}") = "Dreamteck.Splines.Editor", "Dreamteck.Splines.Editor.csproj", "{F11C337D-7F92-C690-E0DF-2FCDDF568EBB}"
EndProject
Project("{FAE04EC0-301F-11D3-BF4B-00C04F79EFBC}") = "Dreamteck.Utilities.Editor", "Dreamteck.Utilities.Editor.csproj", "{32EAC7DF-D788-7B2C-04CD-2FA566B5C766}"
EndProject
Project("{FAE04EC0-301F-11D3-BF4B-00C04F79EFBC}") = "CFXRDemo", "CFXRDemo.csproj", "{F783503F-839F-5375-6BB5-1882ECB49A63}"
EndProject
Project("{FAE04EC0-301F-11D3-BF4B-00C04F79EFBC}") = "LeanCommon", "LeanCommon.csproj", "{FAEC05D2-0E5B-8258-4187-24033D36E25C}"
EndProject
Project("{FAE04EC0-301F-11D3-BF4B-00C04F79EFBC}") = "Dreamteck.Utilities", "Dreamteck.Utilities.csproj", "{CFABD361-E6FB-6EFD-60A8-6FBD99BD8C4B}"
EndProject
Project("{FAE04EC0-301F-11D3-BF4B-00C04F79EFBC}") = "Assembly-CSharp", "Assembly-CSharp.csproj", "{3F2E0A2F-FFA2-045E-5674-5AA5A751BEDE}"
EndProject
Project("{FAE04EC0-301F-11D3-BF4B-00C04F79EFBC}") = "CFXRRuntime", "CFXRRuntime.csproj", "{34AC3CD2-91BC-0203-4AEA-8C165E75CC88}"
EndProject
Project("{FAE04EC0-301F-11D3-BF4B-00C04F79EFBC}") = "Assembly-CSharp-firstpass", "Assembly-CSharp-firstpass.csproj", "{E2CFB7CC-62DE-D15A-9EB4-0FF46FA3BC4F}"
EndProject
Project("{FAE04EC0-301F-11D3-BF4B-00C04F79EFBC}") = "LeanTouch", "LeanTouch.csproj", "{BC940BA9-FE44-DCB0-A911-DDC915E60DE3}"
EndProject
Project("{FAE04EC0-301F-11D3-BF4B-00C04F79EFBC}") = "CFXREditor", "CFXREditor.csproj", "{183EC2BA-9542-D3BA-91D1-C6F6DEEFD71A}"
EndProject
Project("{FAE04EC0-301F-11D3-BF4B-00C04F79EFBC}") = "ToonyColorsPro.Demo.Editor", "ToonyColorsPro.Demo.Editor.csproj", "{9BC9DB47-3A36-4DDE-E682-CFD09ACE45A2}"
EndProject
Project("{FAE04EC0-301F-11D3-BF4B-00C04F79EFBC}") = "KinoBloom.Runtime", "KinoBloom.Runtime.csproj", "{41F046AA-5C46-058C-36E5-B55EB1D84635}"
EndProject
Global
	GlobalSection(SolutionConfigurationPlatforms) = preSolution
		Debug|Any CPU = Debug|Any CPU
		Release|Any CPU = Release|Any CPU
	EndGlobalSection
	GlobalSection(ProjectConfigurationPlatforms) = postSolution
		{4A4D46DF-8A2D-0888-C727-737CA0AEA8FC}.Debug|Any CPU.ActiveCfg = Debug|Any CPU
		{4A4D46DF-8A2D-0888-C727-737CA0AEA8FC}.Debug|Any CPU.Build.0 = Debug|Any CPU
		{4A4D46DF-8A2D-0888-C727-737CA0AEA8FC}.Release|Any CPU.ActiveCfg = Release|Any CPU
		{4A4D46DF-8A2D-0888-C727-737CA0AEA8FC}.Release|Any CPU.Build.0 = Release|Any CPU
		{8F4734A0-1874-266E-9297-9A8999D971AA}.Debug|Any CPU.ActiveCfg = Debug|Any CPU
		{8F4734A0-1874-266E-9297-9A8999D971AA}.Debug|Any CPU.Build.0 = Debug|Any CPU
		{8F4734A0-1874-266E-9297-9A8999D971AA}.Release|Any CPU.ActiveCfg = Release|Any CPU
		{8F4734A0-1874-266E-9297-9A8999D971AA}.Release|Any CPU.Build.0 = Release|Any CPU
		{F11C337D-7F92-C690-E0DF-2FCDDF568EBB}.Debug|Any CPU.ActiveCfg = Debug|Any CPU
		{F11C337D-7F92-C690-E0DF-2FCDDF568EBB}.Debug|Any CPU.Build.0 = Debug|Any CPU
		{F11C337D-7F92-C690-E0DF-2FCDDF568EBB}.Release|Any CPU.ActiveCfg = Release|Any CPU
		{F11C337D-7F92-C690-E0DF-2FCDDF568EBB}.Release|Any CPU.Build.0 = Release|Any CPU
		{32EAC7DF-D788-7B2C-04CD-2FA566B5C766}.Debug|Any CPU.ActiveCfg = Debug|Any CPU
		{32EAC7DF-D788-7B2C-04CD-2FA566B5C766}.Debug|Any CPU.Build.0 = Debug|Any CPU
		{32EAC7DF-D788-7B2C-04CD-2FA566B5C766}.Release|Any CPU.ActiveCfg = Release|Any CPU
		{32EAC7DF-D788-7B2C-04CD-2FA566B5C766}.Release|Any CPU.Build.0 = Release|Any CPU
		{F783503F-839F-5375-6BB5-1882ECB49A63}.Debug|Any CPU.ActiveCfg = Debug|Any CPU
		{F783503F-839F-5375-6BB5-1882ECB49A63}.Debug|Any CPU.Build.0 = Debug|Any CPU
		{F783503F-839F-5375-6BB5-1882ECB49A63}.Release|Any CPU.ActiveCfg = Release|Any CPU
		{F783503F-839F-5375-6BB5-1882ECB49A63}.Release|Any CPU.Build.0 = Release|Any CPU
		{FAEC05D2-0E5B-8258-4187-24033D36E25C}.Debug|Any CPU.ActiveCfg = Debug|Any CPU
		{FAEC05D2-0E5B-8258-4187-24033D36E25C}.Debug|Any CPU.Build.0 = Debug|Any CPU
		{FAEC05D2-0E5B-8258-4187-24033D36E25C}.Release|Any CPU.ActiveCfg = Release|Any CPU
		{FAEC05D2-0E5B-8258-4187-24033D36E25C}.Release|Any CPU.Build.0 = Release|Any CPU
		{CFABD361-E6FB-6EFD-60A8-6FBD99BD8C4B}.Debug|Any CPU.ActiveCfg = Debug|Any CPU
		{CFABD361-E6FB-6EFD-60A8-6FBD99BD8C4B}.Debug|Any CPU.Build.0 = Debug|Any CPU
		{CFABD361-E6FB-6EFD-60A8-6FBD99BD8C4B}.Release|Any CPU.ActiveCfg = Release|Any CPU
		{CFABD361-E6FB-6EFD-60A8-6FBD99BD8C4B}.Release|Any CPU.Build.0 = Release|Any CPU
		{3F2E0A2F-FFA2-045E-5674-5AA5A751BEDE}.Debug|Any CPU.ActiveCfg = Debug|Any CPU
		{3F2E0A2F-FFA2-045E-5674-5AA5A751BEDE}.Debug|Any CPU.Build.0 = Debug|Any CPU
		{3F2E0A2F-FFA2-045E-5674-5AA5A751BEDE}.Release|Any CPU.ActiveCfg = Release|Any CPU
		{3F2E0A2F-FFA2-045E-5674-5AA5A751BEDE}.Release|Any CPU.Build.0 = Release|Any CPU
		{34AC3CD2-91BC-0203-4AEA-8C165E75CC88}.Debug|Any CPU.ActiveCfg = Debug|Any CPU
		{34AC3CD2-91BC-0203-4AEA-8C165E75CC88}.Debug|Any CPU.Build.0 = Debug|Any CPU
		{34AC3CD2-91BC-0203-4AEA-8C165E75CC88}.Release|Any CPU.ActiveCfg = Release|Any CPU
		{34AC3CD2-91BC-0203-4AEA-8C165E75CC88}.Release|Any CPU.Build.0 = Release|Any CPU
		{E2CFB7CC-62DE-D15A-9EB4-0FF46FA3BC4F}.Debug|Any CPU.ActiveCfg = Debug|Any CPU
		{E2CFB7CC-62DE-D15A-9EB4-0FF46FA3BC4F}.Debug|Any CPU.Build.0 = Debug|Any CPU
		{E2CFB7CC-62DE-D15A-9EB4-0FF46FA3BC4F}.Release|Any CPU.ActiveCfg = Release|Any CPU
		{E2CFB7CC-62DE-D15A-9EB4-0FF46FA3BC4F}.Release|Any CPU.Build.0 = Release|Any CPU
		{BC940BA9-FE44-DCB0-A911-DDC915E60DE3}.Debug|Any CPU.ActiveCfg = Debug|Any CPU
		{BC940BA9-FE44-DCB0-A911-DDC915E60DE3}.Debug|Any CPU.Build.0 = Debug|Any CPU
		{BC940BA9-FE44-DCB0-A911-DDC915E60DE3}.Release|Any CPU.ActiveCfg = Release|Any CPU
		{BC940BA9-FE44-DCB0-A911-DDC915E60DE3}.Release|Any CPU.Build.0 = Release|Any CPU
		{183EC2BA-9542-D3BA-91D1-C6F6DEEFD71A}.Debug|Any CPU.ActiveCfg = Debug|Any CPU
		{183EC2BA-9542-D3BA-91D1-C6F6DEEFD71A}.Debug|Any CPU.Build.0 = Debug|Any CPU
		{183EC2BA-9542-D3BA-91D1-C6F6DEEFD71A}.Release|Any CPU.ActiveCfg = Release|Any CPU
		{183EC2BA-9542-D3BA-91D1-C6F6DEEFD71A}.Release|Any CPU.Build.0 = Release|Any CPU
		{9BC9DB47-3A36-4DDE-E682-CFD09ACE45A2}.Debug|Any CPU.ActiveCfg = Debug|Any CPU
		{9BC9DB47-3A36-4DDE-E682-CFD09ACE45A2}.Debug|Any CPU.Build.0 = Debug|Any CPU
		{9BC9DB47-3A36-4DDE-E682-CFD09ACE45A2}.Release|Any CPU.ActiveCfg = Release|Any CPU
		{9BC9DB47-3A36-4DDE-E682-CFD09ACE45A2}.Release|Any CPU.Build.0 = Release|Any CPU
		{41F046AA-5C46-058C-36E5-B55EB1D84635}.Debug|Any CPU.ActiveCfg = Debug|Any CPU
		{41F046AA-5C46-058C-36E5-B55EB1D84635}.Debug|Any CPU.Build.0 = Debug|Any CPU
		{41F046AA-5C46-058C-36E5-B55EB1D84635}.Release|Any CPU.ActiveCfg = Release|Any CPU
		{41F046AA-5C46-058C-36E5-B55EB1D84635}.Release|Any CPU.Build.0 = Release|Any CPU
	EndGlobalSection
	GlobalSection(SolutionProperties) = preSolution
		HideSolutionNode = FALSE
	EndGlobalSection
EndGlobal
